// !$*UTF8*$!
{
	archiveVersion = 1;
	classes = {
	};
	objectVersion = 46;
	objects = {

/* Begin PBXBuildFile section */
		281D0D551C4CDCFA008196C9 /* AppDelegate.swift in Sources */ = {isa = PBXBuildFile; fileRef = 281D0D541C4CDCFA008196C9 /* AppDelegate.swift */; };
		281D0D571C4CDCFA008196C9 /* ViewController.swift in Sources */ = {isa = PBXBuildFile; fileRef = 281D0D561C4CDCFA008196C9 /* ViewController.swift */; };
		281D0D5A1C4CDCFA008196C9 /* Main.storyboard in Resources */ = {isa = PBXBuildFile; fileRef = 281D0D581C4CDCFA008196C9 /* Main.storyboard */; };
		281D0D5C1C4CDCFA008196C9 /* Assets.xcassets in Resources */ = {isa = PBXBuildFile; fileRef = 281D0D5B1C4CDCFA008196C9 /* Assets.xcassets */; };
		281D0D5F1C4CDCFA008196C9 /* LaunchScreen.storyboard in Resources */ = {isa = PBXBuildFile; fileRef = 281D0D5D1C4CDCFA008196C9 /* LaunchScreen.storyboard */; };
		281D0D6A1C4CDCFA008196C9 /* SuperCoolTests.swift in Sources */ = {isa = PBXBuildFile; fileRef = 281D0D691C4CDCFA008196C9 /* SuperCoolTests.swift */; };
		281D0D751C4CDCFA008196C9 /* SuperCoolUITests.swift in Sources */ = {isa = PBXBuildFile; fileRef = 281D0D741C4CDCFA008196C9 /* SuperCoolUITests.swift */; };
/* End PBXBuildFile section */

/* Begin PBXContainerItemProxy section */
		281D0D661C4CDCFA008196C9 /* PBXContainerItemProxy */ = {
			isa = PBXContainerItemProxy;
			containerPortal = 281D0D491C4CDCFA008196C9 /* Project object */;
			proxyType = 1;
			remoteGlobalIDString = 281D0D501C4CDCFA008196C9;
			remoteInfo = SuperCool;
		};
		281D0D711C4CDCFA008196C9 /* PBXContainerItemProxy */ = {
			isa = PBXContainerItemProxy;
			containerPortal = 281D0D491C4CDCFA008196C9 /* Project object */;
			proxyType = 1;
			remoteGlobalIDString = 281D0D501C4CDCFA008196C9;
			remoteInfo = SuperCool;
		};
/* End PBXContainerItemProxy section */

/* Begin PBXFileReference section */
		281D0D511C4CDCFA008196C9 /* SuperCool.app */ = {isa = PBXFileReference; explicitFileType = wrapper.application; includeInIndex = 0; path = SuperCool.app; sourceTree = BUILT_PRODUCTS_DIR; };
		281D0D541C4CDCFA008196C9 /* AppDelegate.swift */ = {isa = PBXFileReference; lastKnownFileType = sourcecode.swift; path = AppDelegate.swift; sourceTree = "<group>"; };
		281D0D561C4CDCFA008196C9 /* ViewController.swift */ = {isa = PBXFileReference; lastKnownFileType = sourcecode.swift; path = ViewController.swift; sourceTree = "<group>"; };
		281D0D591C4CDCFA008196C9 /* Base */ = {isa = PBXFileReference; lastKnownFileType = file.storyboard; name = Base; path = Base.lproj/Main.storyboard; sourceTree = "<group>"; };
		281D0D5B1C4CDCFA008196C9 /* Assets.xcassets */ = {isa = PBXFileReference; lastKnownFileType = folder.assetcatalog; path = Assets.xcassets; sourceTree = "<group>"; };
		281D0D5E1C4CDCFA008196C9 /* Base */ = {isa = PBXFileReference; lastKnownFileType = file.storyboard; name = Base; path = Base.lproj/LaunchScreen.storyboard; sourceTree = "<group>"; };
		281D0D601C4CDCFA008196C9 /* Info.plist */ = {isa = PBXFileReference; lastKnownFileType = text.plist.xml; path = Info.plist; sourceTree = "<group>"; };
		281D0D651C4CDCFA008196C9 /* SuperCoolTests.xctest */ = {isa = PBXFileReference; explicitFileType = wrapper.cfbundle; includeInIndex = 0; path = SuperCoolTests.xctest; sourceTree = BUILT_PRODUCTS_DIR; };
		281D0D691C4CDCFA008196C9 /* SuperCoolTests.swift */ = {isa = PBXFileReference; lastKnownFileType = sourcecode.swift; path = SuperCoolTests.swift; sourceTree = "<group>"; };
		281D0D6B1C4CDCFA008196C9 /* Info.plist */ = {isa = PBXFileReference; lastKnownFileType = text.plist.xml; path = Info.plist; sourceTree = "<group>"; };
		281D0D701C4CDCFA008196C9 /* SuperCoolUITests.xctest */ = {isa = PBXFileReference; explicitFileType = wrapper.cfbundle; includeInIndex = 0; path = SuperCoolUITests.xctest; sourceTree = BUILT_PRODUCTS_DIR; };
		281D0D741C4CDCFA008196C9 /* SuperCoolUITests.swift */ = {isa = PBXFileReference; lastKnownFileType = sourcecode.swift; path = SuperCoolUITests.swift; sourceTree = "<group>"; };
		281D0D761C4CDCFA008196C9 /* Info.plist */ = {isa = PBXFileReference; lastKnownFileType = text.plist.xml; path = Info.plist; sourceTree = "<group>"; };
/* End PBXFileReference section */

/* Begin PBXFrameworksBuildPhase section */
		281D0D4E1C4CDCFA008196C9 /* Frameworks */ = {
			isa = PBXFrameworksBuildPhase;
			buildActionMask = 2147483647;
			files = (
			);
			runOnlyForDeploymentPostprocessing = 0;
		};
		281D0D621C4CDCFA008196C9 /* Frameworks */ = {
			isa = PBXFrameworksBuildPhase;
			buildActionMask = 2147483647;
			files = (
			);
			runOnlyForDeploymentPostprocessing = 0;
		};
		281D0D6D1C4CDCFA008196C9 /* Frameworks */ = {
			isa = PBXFrameworksBuildPhase;
			buildActionMask = 2147483647;
			files = (
			);
			runOnlyForDeploymentPostprocessing = 0;
		};
/* End PBXFrameworksBuildPhase section */

/* Begin PBXGroup section */
		281D0D481C4CDCFA008196C9 = {
			isa = PBXGroup;
			children = (
				281D0D531C4CDCFA008196C9 /* SuperCool */,
				281D0D681C4CDCFA008196C9 /* SuperCoolTests */,
				281D0D731C4CDCFA008196C9 /* SuperCoolUITests */,
				281D0D521C4CDCFA008196C9 /* Products */,
			);
			sourceTree = "<group>";
		};
		281D0D521C4CDCFA008196C9 /* Products */ = {
			isa = PBXGroup;
			children = (
				281D0D511C4CDCFA008196C9 /* SuperCool.app */,
				281D0D651C4CDCFA008196C9 /* SuperCoolTests.xctest */,
				281D0D701C4CDCFA008196C9 /* SuperCoolUITests.xctest */,
			);
			name = Products;
			sourceTree = "<group>";
		};
		281D0D531C4CDCFA008196C9 /* SuperCool */ = {
			isa = PBXGroup;
			children = (
				281D0D541C4CDCFA008196C9 /* AppDelegate.swift */,
				281D0D561C4CDCFA008196C9 /* ViewController.swift */,
				281D0D581C4CDCFA008196C9 /* Main.storyboard */,
				281D0D5B1C4CDCFA008196C9 /* Assets.xcassets */,
				281D0D5D1C4CDCFA008196C9 /* LaunchScreen.storyboard */,
				281D0D601C4CDCFA008196C9 /* Info.plist */,
			);
			path = SuperCool;
			sourceTree = "<group>";
		};
		281D0D681C4CDCFA008196C9 /* SuperCoolTests */ = {
			isa = PBXGroup;
			children = (
				281D0D691C4CDCFA008196C9 /* SuperCoolTests.swift */,
				281D0D6B1C4CDCFA008196C9 /* Info.plist */,
			);
			path = SuperCoolTests;
			sourceTree = "<group>";
		};
		281D0D731C4CDCFA008196C9 /* SuperCoolUITests */ = {
			isa = PBXGroup;
			children = (
				281D0D741C4CDCFA008196C9 /* SuperCoolUITests.swift */,
				281D0D761C4CDCFA008196C9 /* Info.plist */,
			);
			path = SuperCoolUITests;
			sourceTree = "<group>";
		};
/* End PBXGroup section */

/* Begin PBXNativeTarget section */
		281D0D501C4CDCFA008196C9 /* SuperCool */ = {
			isa = PBXNativeTarget;
			buildConfigurationList = 281D0D791C4CDCFA008196C9 /* Build configuration list for PBXNativeTarget "SuperCool" */;
			buildPhases = (
				281D0D4D1C4CDCFA008196C9 /* Sources */,
				281D0D4E1C4CDCFA008196C9 /* Frameworks */,
				281D0D4F1C4CDCFA008196C9 /* Resources */,
			);
			buildRules = (
			);
			dependencies = (
			);
			name = SuperCool;
			productName = SuperCool;
			productReference = 281D0D511C4CDCFA008196C9 /* SuperCool.app */;
			productType = "com.apple.product-type.application";
		};
		281D0D641C4CDCFA008196C9 /* SuperCoolTests */ = {
			isa = PBXNativeTarget;
			buildConfigurationList = 281D0D7C1C4CDCFA008196C9 /* Build configuration list for PBXNativeTarget "SuperCoolTests" */;
			buildPhases = (
				281D0D611C4CDCFA008196C9 /* Sources */,
				281D0D621C4CDCFA008196C9 /* Frameworks */,
				281D0D631C4CDCFA008196C9 /* Resources */,
			);
			buildRules = (
			);
			dependencies = (
				281D0D671C4CDCFA008196C9 /* PBXTargetDependency */,
			);
			name = SuperCoolTests;
			productName = SuperCoolTests;
			productReference = 281D0D651C4CDCFA008196C9 /* SuperCoolTests.xctest */;
			productType = "com.apple.product-type.bundle.unit-test";
		};
		281D0D6F1C4CDCFA008196C9 /* SuperCoolUITests */ = {
			isa = PBXNativeTarget;
			buildConfigurationList = 281D0D7F1C4CDCFA008196C9 /* Build configuration list for PBXNativeTarget "SuperCoolUITests" */;
			buildPhases = (
				281D0D6C1C4CDCFA008196C9 /* Sources */,
				281D0D6D1C4CDCFA008196C9 /* Frameworks */,
				281D0D6E1C4CDCFA008196C9 /* Resources */,
			);
			buildRules = (
			);
			dependencies = (
				281D0D721C4CDCFA008196C9 /* PBXTargetDependency */,
			);
			name = SuperCoolUITests;
			productName = SuperCoolUITests;
			productReference = 281D0D701C4CDCFA008196C9 /* SuperCoolUITests.xctest */;
			productType = "com.apple.product-type.bundle.ui-testing";
		};
/* End PBXNativeTarget section */

/* Begin PBXProject section */
		281D0D491C4CDCFA008196C9 /* Project object */ = {
			isa = PBXProject;
			attributes = {
				LastSwiftUpdateCheck = 0720;
				LastUpgradeCheck = 0720;
				ORGANIZATIONNAME = "Steve Light";
				TargetAttributes = {
					281D0D501C4CDCFA008196C9 = {
						CreatedOnToolsVersion = 7.2;
					};
					281D0D641C4CDCFA008196C9 = {
						CreatedOnToolsVersion = 7.2;
						TestTargetID = 281D0D501C4CDCFA008196C9;
					};
					281D0D6F1C4CDCFA008196C9 = {
						CreatedOnToolsVersion = 7.2;
						TestTargetID = 281D0D501C4CDCFA008196C9;
					};
				};
			};
			buildConfigurationList = 281D0D4C1C4CDCFA008196C9 /* Build configuration list for PBXProject "SuperCool" */;
			compatibilityVersion = "Xcode 3.2";
			developmentRegion = English;
			hasScannedForEncodings = 0;
			knownRegions = (
				en,
				Base,
			);
			mainGroup = 281D0D481C4CDCFA008196C9;
			productRefGroup = 281D0D521C4CDCFA008196C9 /* Products */;
			projectDirPath = "";
			projectRoot = "";
			targets = (
				281D0D501C4CDCFA008196C9 /* SuperCool */,
				281D0D641C4CDCFA008196C9 /* SuperCoolTests */,
				281D0D6F1C4CDCFA008196C9 /* SuperCoolUITests */,
			);
		};
/* End PBXProject section */

/* Begin PBXResourcesBuildPhase section */
		281D0D4F1C4CDCFA008196C9 /* Resources */ = {
			isa = PBXResourcesBuildPhase;
			buildActionMask = 2147483647;
			files = (
				281D0D5F1C4CDCFA008196C9 /* LaunchScreen.storyboard in Resources */,
				281D0D5C1C4CDCFA008196C9 /* Assets.xcassets in Resources */,
				281D0D5A1C4CDCFA008196C9 /* Main.storyboard in Resources */,
			);
			runOnlyForDeploymentPostprocessing = 0;
		};
		281D0D631C4CDCFA008196C9 /* Resources */ = {
			isa = PBXResourcesBuildPhase;
			buildActionMask = 2147483647;
			files = (
			);
			runOnlyForDeploymentPostprocessing = 0;
		};
		281D0D6E1C4CDCFA008196C9 /* Resources */ = {
			isa = PBXResourcesBuildPhase;
			buildActionMask = 2147483647;
			files = (
			);
			runOnlyForDeploymentPostprocessing = 0;
		};
/* End PBXResourcesBuildPhase section */

/* Begin PBXSourcesBuildPhase section */
		281D0D4D1C4CDCFA008196C9 /* Sources */ = {
			isa = PBXSourcesBuildPhase;
			buildActionMask = 2147483647;
			files = (
				281D0D571C4CDCFA008196C9 /* ViewController.swift in Sources */,
				281D0D551C4CDCFA008196C9 /* AppDelegate.swift in Sources */,
			);
			runOnlyForDeploymentPostprocessing = 0;
		};
		281D0D611C4CDCFA008196C9 /* Sources */ = {
			isa = PBXSourcesBuildPhase;
			buildActionMask = 2147483647;
			files = (
				281D0D6A1C4CDCFA008196C9 /* SuperCoolTests.swift in Sources */,
			);
			runOnlyForDeploymentPostprocessing = 0;
		};
		281D0D6C1C4CDCFA008196C9 /* Sources */ = {
			isa = PBXSourcesBuildPhase;
			buildActionMask = 2147483647;
			files = (
				281D0D751C4CDCFA008196C9 /* SuperCoolUITests.swift in Sources */,
			);
			runOnlyForDeploymentPostprocessing = 0;
		};
/* End PBXSourcesBuildPhase section */

/* Begin PBXTargetDependency section */
		281D0D671C4CDCFA008196C9 /* PBXTargetDependency */ = {
			isa = PBXTargetDependency;
			target = 281D0D501C4CDCFA008196C9 /* SuperCool */;
			targetProxy = 281D0D661C4CDCFA008196C9 /* PBXContainerItemProxy */;
		};
		281D0D721C4CDCFA008196C9 /* PBXTargetDependency */ = {
			isa = PBXTargetDependency;
			target = 281D0D501C4CDCFA008196C9 /* SuperCool */;
			targetProxy = 281D0D711C4CDCFA008196C9 /* PBXContainerItemProxy */;
		};
/* End PBXTargetDependency section */

/* Begin PBXVariantGroup section */
		281D0D581C4CDCFA008196C9 /* Main.storyboard */ = {
			isa = PBXVariantGroup;
			children = (
				281D0D591C4CDCFA008196C9 /* Base */,
			);
			name = Main.storyboard;
			sourceTree = "<group>";
		};
		281D0D5D1C4CDCFA008196C9 /* LaunchScreen.storyboard */ = {
			isa = PBXVariantGroup;
			children = (
				281D0D5E1C4CDCFA008196C9 /* Base */,
			);
			name = LaunchScreen.storyboard;
			sourceTree = "<group>";
		};
/* End PBXVariantGroup section */

/* Begin XCBuildConfiguration section */
		281D0D771C4CDCFA008196C9 /* Debug */ = {
			isa = XCBuildConfiguration;
			buildSettings = {
				ALWAYS_SEARCH_USER_PATHS = NO;
				CLANG_CXX_LANGUAGE_STANDARD = "gnu++0x";
				CLANG_CXX_LIBRARY = "libc++";
				CLANG_ENABLE_MODULES = YES;
				CLANG_ENABLE_OBJC_ARC = YES;
				CLANG_WARN_BOOL_CONVERSION = YES;
				CLANG_WARN_CONSTANT_CONVERSION = YES;
				CLANG_WARN_DIRECT_OBJC_ISA_USAGE = YES_ERROR;
				CLANG_WARN_EMPTY_BODY = YES;
				CLANG_WARN_ENUM_CONVERSION = YES;
				CLANG_WARN_INT_CONVERSION = YES;
				CLANG_WARN_OBJC_ROOT_CLASS = YES_ERROR;
				CLANG_WARN_UNREACHABLE_CODE = YES;
				CLANG_WARN__DUPLICATE_METHOD_MATCH = YES;
				"CODE_SIGN_IDENTITY[sdk=iphoneos*]" = "iPhone Developer";
				COPY_PHASE_STRIP = NO;
				DEBUG_INFORMATION_FORMAT = dwarf;
				ENABLE_STRICT_OBJC_MSGSEND = YES;
				ENABLE_TESTABILITY = YES;
				GCC_C_LANGUAGE_STANDARD = gnu99;
				GCC_DYNAMIC_NO_PIC = NO;
				GCC_NO_COMMON_BLOCKS = YES;
				GCC_OPTIMIZATION_LEVEL = 0;
				GCC_PREPROCESSOR_DEFINITIONS = (
					"DEBUG=1",
					"$(inherited)",
				);
				GCC_WARN_64_TO_32_BIT_CONVERSION = YES;
				GCC_WARN_ABOUT_RETURN_TYPE = YES_ERROR;
				GCC_WARN_UNDECLARED_SELECTOR = YES;
				GCC_WARN_UNINITIALIZED_AUTOS = YES_AGGRESSIVE;
				GCC_WARN_UNUSED_FUNCTION = YES;
				GCC_WARN_UNUSED_VARIABLE = YES;
				IPHONEOS_DEPLOYMENT_TARGET = 9.2;
				MTL_ENABLE_DEBUG_INFO = YES;
				ONLY_ACTIVE_ARCH = YES;
				SDKROOT = iphoneos;
				SWIFT_OPTIMIZATION_LEVEL = "-Onone";
			};
			name = Debug;
		};
		281D0D781C4CDCFA008196C9 /* Release */ = {
			isa = XCBuildConfiguration;
			buildSettings = {
				ALWAYS_SEARCH_USER_PATHS = NO;
				CLANG_CXX_LANGUAGE_STANDARD = "gnu++0x";
				CLANG_CXX_LIBRARY = "libc++";
				CLANG_ENABLE_MODULES = YES;
				CLANG_ENABLE_OBJC_ARC = YES;
				CLANG_WARN_BOOL_CONVERSION = YES;
				CLANG_WARN_CONSTANT_CONVERSION = YES;
				CLANG_WARN_DIRECT_OBJC_ISA_USAGE = YES_ERROR;
				CLANG_WARN_EMPTY_BODY = YES;
				CLANG_WARN_ENUM_CONVERSION = YES;
				CLANG_WARN_INT_CONVERSION = YES;
				CLANG_WARN_OBJC_ROOT_CLASS = YES_ERROR;
				CLANG_WARN_UNREACHABLE_CODE = YES;
				CLANG_WARN__DUPLICATE_METHOD_MATCH = YES;
				"CODE_SIGN_IDENTITY[sdk=iphoneos*]" = "iPhone Developer";
				COPY_PHASE_STRIP = NO;
				DEBUG_INFORMATION_FORMAT = "dwarf-with-dsym";
				ENABLE_NS_ASSERTIONS = NO;
				ENABLE_STRICT_OBJC_MSGSEND = YES;
				GCC_C_LANGUAGE_STANDARD = gnu99;
				GCC_NO_COMMON_BLOCKS = YES;
				GCC_WARN_64_TO_32_BIT_CONVERSION = YES;
				GCC_WARN_ABOUT_RETURN_TYPE = YES_ERROR;
				GCC_WARN_UNDECLARED_SELECTOR = YES;
				GCC_WARN_UNINITIALIZED_AUTOS = YES_AGGRESSIVE;
				GCC_WARN_UNUSED_FUNCTION = YES;
				GCC_WARN_UNUSED_VARIABLE = YES;
				IPHONEOS_DEPLOYMENT_TARGET = 9.2;
				MTL_ENABLE_DEBUG_INFO = NO;
				SDKROOT = iphoneos;
				VALIDATE_PRODUCT = YES;
			};
			name = Release;
		};
		281D0D7A1C4CDCFA008196C9 /* Debug */ = {
			isa = XCBuildConfiguration;
			buildSettings = {
				ASSETCATALOG_COMPILER_APPICON_NAME = AppIcon;
				CODE_SIGN_IDENTITY = "iPhone Developer";
				INFOPLIST_FILE = SuperCool/Info.plist;
				LD_RUNPATH_SEARCH_PATHS = "$(inherited) @executable_path/Frameworks";
				PRODUCT_BUNDLE_IDENTIFIER = com.breadandbuddha.SuperCool;
				PRODUCT_NAME = "$(TARGET_NAME)";
			};
			name = Debug;
		};
		281D0D7B1C4CDCFA008196C9 /* Release */ = {
			isa = XCBuildConfiguration;
			buildSettings = {
				ASSETCATALOG_COMPILER_APPICON_NAME = AppIcon;
				CODE_SIGN_IDENTITY = "iPhone Developer";
				INFOPLIST_FILE = SuperCool/Info.plist;
				LD_RUNPATH_SEARCH_PATHS = "$(inherited) @executable_path/Frameworks";
				PRODUCT_BUNDLE_IDENTIFIER = com.breadandbuddha.SuperCool;
				PRODUCT_NAME = "$(TARGET_NAME)";
			};
			name = Release;
		};
		281D0D7D1C4CDCFA008196C9 /* Debug */ = {
			isa = XCBuildConfiguration;
			buildSettings = {
				BUNDLE_LOADER = "$(TEST_HOST)";
				INFOPLIST_FILE = SuperCoolTests/Info.plist;
				LD_RUNPATH_SEARCH_PATHS = "$(inherited) @executable_path/Frameworks @loader_path/Frameworks";
				PRODUCT_BUNDLE_IDENTIFIER = com.breadandbuddha.SuperCool.SuperCoolTests;
				PRODUCT_NAME = "$(TARGET_NAME)";
				TEST_HOST = "$(BUILT_PRODUCTS_DIR)/SuperCool.app/SuperCool";
			};
			name = Debug;
		};
		281D0D7E1C4CDCFA008196C9 /* Release */ = {
			isa = XCBuildConfiguration;
			buildSettings = {
				BUNDLE_LOADER = "$(TEST_HOST)";
				INFOPLIST_FILE = SuperCoolTests/Info.plist;
				LD_RUNPATH_SEARCH_PATHS = "$(inherited) @executable_path/Frameworks @loader_path/Frameworks";
				PRODUCT_BUNDLE_IDENTIFIER = com.breadandbuddha.SuperCool.SuperCoolTests;
				PRODUCT_NAME = "$(TARGET_NAME)";
				TEST_HOST = "$(BUILT_PRODUCTS_DIR)/SuperCool.app/SuperCool";
			};
			name = Release;
		};
		281D0D801C4CDCFA008196C9 /* Debug */ = {
			isa = XCBuildConfiguration;
			buildSettings = {
				INFOPLIST_FILE = SuperCoolUITests/Info.plist;
				LD_RUNPATH_SEARCH_PATHS = "$(inherited) @executable_path/Frameworks @loader_path/Frameworks";
				PRODUCT_BUNDLE_IDENTIFIER = com.breadandbuddha.SuperCool.SuperCoolUITests;
				PRODUCT_NAME = "$(TARGET_NAME)";
				TEST_TARGET_NAME = SuperCool;
				USES_XCTRUNNER = YES;
			};
			name = Debug;
		};
		281D0D811C4CDCFA008196C9 /* Release */ = {
			isa = XCBuildConfiguration;
			buildSettings = {
				INFOPLIST_FILE = SuperCoolUITests/Info.plist;
				LD_RUNPATH_SEARCH_PATHS = "$(inherited) @executable_path/Frameworks @loader_path/Frameworks";
				PRODUCT_BUNDLE_IDENTIFIER = com.breadandbuddha.SuperCool.SuperCoolUITests;
				PRODUCT_NAME = "$(TARGET_NAME)";
				TEST_TARGET_NAME = SuperCool;
				USES_XCTRUNNER = YES;
			};
			name = Release;
		};
/* End XCBuildConfiguration section */

/* Begin XCConfigurationList section */
		281D0D4C1C4CDCFA008196C9 /* Build configuration list for PBXProject "SuperCool" */ = {
			isa = XCConfigurationList;
			buildConfigurations = (
				281D0D771C4CDCFA008196C9 /* Debug */,
				281D0D781C4CDCFA008196C9 /* Release */,
			);
			defaultConfigurationIsVisible = 0;
			defaultConfigurationName = Release;
		};
		281D0D791C4CDCFA008196C9 /* Build configuration list for PBXNativeTarget "SuperCool" */ = {
			isa = XCConfigurationList;
			buildConfigurations = (
				281D0D7A1C4CDCFA008196C9 /* Debug */,
				281D0D7B1C4CDCFA008196C9 /* Release */,
			);
			defaultConfigurationIsVisible = 0;
			defaultConfigurationName = Release;
		};
		281D0D7C1C4CDCFA008196C9 /* Build configuration list for PBXNativeTarget "SuperCoolTests" */ = {
			isa = XCConfigurationList;
			buildConfigurations = (
				281D0D7D1C4CDCFA008196C9 /* Debug */,
				281D0D7E1C4CDCFA008196C9 /* Release */,
			);
			defaultConfigurationIsVisible = 0;
			defaultConfigurationName = Release;
		};
		281D0D7F1C4CDCFA008196C9 /* Build configuration list for PBXNativeTarget "SuperCoolUITests" */ = {
			isa = XCConfigurationList;
			buildConfigurations = (
				281D0D801C4CDCFA008196C9 /* Debug */,
				281D0D811C4CDCFA008196C9 /* Release */,
			);
			defaultConfigurationIsVisible = 0;
			defaultConfigurationName = Release;
		};
/* End XCConfigurationList section */
	};
	rootObject = 281D0D491C4CDCFA008196C9 /* Project object */;
}
